{"fnames": ["Nakazato_2013_AdiabaticMSW_NMO_d10_scint20kt_plot_data", "Nakazato_2013_AdiabaticMSW_NMO_d10_scint20kt_raw_data", "Nakazato_2013_AdiabaticMSW_NMO_d10_scint20kt_l_data", "Nakazato_2013_AdiabaticMSW_IMO_d10_scint20kt_plot_data", "Nakazato_2013_AdiabaticMSW_IMO_d10_scint20kt_raw_data", "Nakazato_2013_AdiabaticMSW_IMO_d10_scint20kt_l_data", "Nakazato_2013_AdiabaticMSW_NMO_d10_ar40kt_plot_data", "Nakazato_2013_AdiabaticMSW_NMO_d10_ar40kt_raw_data", "Nakazato_2013_AdiabaticMSW_NMO_d10_ar40kt_l_data", "Nakazato_2013_AdiabaticMSW_IMO_d10_ar40kt_plot_data", "Nakazato_2013_AdiabaticMSW_IMO_d10_ar40kt_raw_data", "Nakazato_2013_AdiabaticMSW_IMO_d10_ar40kt_l_data", "Nakazato_2013_AdiabaticMSW_NMO_d10_wc100kt30prct_plot_data", "Nakazato_2013_AdiabaticMSW_NMO_d10_wc100kt30prct_raw_data", "Nakazato_2013_AdiabaticMSW_NMO_d10_wc100kt30prct_l_data", "Nakazato_2013_AdiabaticMSW_IMO_d10_wc100kt30prct_plot_data", "Nakazato_2013_AdiabaticMSW_IMO_d10_wc100kt30prct_raw_data", "Nakazato_2013_AdiabaticMSW_IMO_d10_wc100kt30prct_l_data", "Nakazato_2013_flux_d10_AdiabaticMSW_NMO_plot_data", "Nakazato_2013_flux_d10_AdiabaticMSW_NMO_raw_data", "Nakazato_2013_flux_d10_AdiabaticMSW_IMO_plot_data", "Nakazato_2013_flux_d10_AdiabaticMSW_IMO_raw_data", "Nakazato_2013_NoTransformation_d10_scint20kt_plot_data", "Nakazato_2013_NoTransformation_d10_scint20kt_raw_data", "Nakazato_2013_NoTransformation_d10_scint20kt_l_data"]}